<?xml version="1.0" encoding="utf-8"?>
<Project ToolsVersion="4.0" xmlns="http://schemas.microsoft.com/developer/msbuild/2003">
  <ItemGroup>
    <Filter Include="Fichiers sources">
      <UniqueIdentifier>{4FC737F1-C7A5-4376-A066-2A32D752A2FF}</UniqueIdentifier>
      <Extensions>cpp;c;cc;cxx;def;odl;idl;hpj;bat;asm;asmx</Extensions>
    </Filter>
    <Filter Include="Fichiers d%27en-tête">
      <UniqueIdentifier>{93995380-89BD-4b04-88EB-625FBE52EBFB}</UniqueIdentifier>
      <Extensions>h;hh;hpp;hxx;hm;inl;inc;ipp;xsd</Extensions>
    </Filter>
    <Filter Include="Fichiers de ressources">
      <UniqueIdentifier>{67DA6AB6-F800-4c08-8B7A-83BB121AAD01}</UniqueIdentifier>
      <Extensions>rc;ico;cur;bmp;dlg;rc2;rct;bin;rgs;gif;jpg;jpeg;jpe;resx;tiff;tif;png;wav;mfcribbon-ms</Extensions>
    </Filter>
    <Filter Include="Fichiers d%27en-tête\Systems">
      <UniqueIdentifier>{e75966e0-eb84-4c2d-a2d3-f255a62fb084}</UniqueIdentifier>
    </Filter>
    <Filter Include="Fichiers sources\Systems">
      <UniqueIdentifier>{375e87cc-ca62-4952-ab2c-31d9a56a387c}</UniqueIdentifier>
    </Filter>
    <Filter Include="Fichiers d%27en-tête\Components">
      <UniqueIdentifier>{6cae0e50-3f05-4ec9-a159-561179e65129}</UniqueIdentifier>
    </Filter>
    <Filter Include="Fichiers sources\Components">
      <UniqueIdentifier>{c5851653-ec4b-46bc-b4d1-96b9c3896a45}</UniqueIdentifier>
    </Filter>
    <Filter Include="Fichiers sources\Animator">
      <UniqueIdentifier>{24c50dd2-1e3e-4d18-a9d9-64e0cb9c3234}</UniqueIdentifier>
    </Filter>
    <Filter Include="Fichiers d%27en-tête\Animator">
      <UniqueIdentifier>{cad48886-00eb-4b7b-9db7-57b07bd75632}</UniqueIdentifier>
    </Filter>
    <Filter Include="Fichiers d%27en-tête\Utility">
      <UniqueIdentifier>{0c96276c-ff15-45d8-b589-c6b647f71e65}</UniqueIdentifier>
    </Filter>
    <Filter Include="Fichiers d%27en-tête\Utility\Expression">
      <UniqueIdentifier>{155ba5f6-fd4d-4ac6-b492-a7ff25cf013f}</UniqueIdentifier>
    </Filter>
    <Filter Include="Fichiers d%27en-tête\Utility\Event">
      <UniqueIdentifier>{b76fff22-1378-45bf-9a2d-2f3d703fe36c}</UniqueIdentifier>
    </Filter>
    <Filter Include="Fichiers sources\Utility">
      <UniqueIdentifier>{6a7e55a9-4cb3-4498-9169-4352e3c5f4ab}</UniqueIdentifier>
    </Filter>
    <Filter Include="Fichiers sources\Utility\Event">
      <UniqueIdentifier>{18e9469d-41a1-4fe4-8a53-314469bf087d}</UniqueIdentifier>
    </Filter>
    <Filter Include="Fichiers sources\Tilemap">
      <UniqueIdentifier>{4fe91e43-9e28-4649-922e-55b6f8ee722d}</UniqueIdentifier>
    </Filter>
    <Filter Include="Fichiers d%27en-tête\Tilemap">
      <UniqueIdentifier>{cad6746f-1890-4bef-8f2f-45bcb7a79663}</UniqueIdentifier>
    </Filter>
  </ItemGroup>
  <ItemGroup>
    <ClCompile Include="..\Src\main.cpp">
      <Filter>Fichiers sources</Filter>
    </ClCompile>
    <ClCompile Include="..\Src\Systems\AnimatorSystem.cpp">
      <Filter>Fichiers sources\Systems</Filter>
    </ClCompile>
    <ClCompile Include="..\Src\Components\AnimatorComponent.cpp">
      <Filter>Fichiers sources\Components</Filter>
    </ClCompile>
    <ClCompile Include="..\Src\InitSystemsAndComponents.cpp">
      <Filter>Fichiers sources</Filter>
    </ClCompile>
    <ClCompile Include="..\Src\Animator\Animation.cpp">
      <Filter>Fichiers sources\Animator</Filter>
    </ClCompile>
    <ClCompile Include="..\Src\Animator\Animator.cpp">
      <Filter>Fichiers sources\Animator</Filter>
    </ClCompile>
    <ClCompile Include="..\Src\Utility\Event\WindowEventsHolder.cpp">
      <Filter>Fichiers sources\Utility\Event</Filter>
    </ClCompile>
    <ClCompile Include="..\Src\Tilemap\Tilemap.cpp">
      <Filter>Fichiers sources\Tilemap</Filter>
    </ClCompile>
    <ClCompile Include="..\Src\Components\TilemapComponent.cpp">
      <Filter>Fichiers sources\Components</Filter>
    </ClCompile>
    <ClCompile Include="..\Src\Components\TilemapAnimationComponent.cpp">
      <Filter>Fichiers sources\Components</Filter>
    </ClCompile>
    <ClCompile Include="..\Src\Tilemap\TilemapAnimations.cpp">
      <Filter>Fichiers sources\Tilemap</Filter>
    </ClCompile>
    <ClCompile Include="..\Src\Systems\TilemapAnimationsSystem.cpp">
      <Filter>Fichiers sources\Systems</Filter>
    </ClCompile>
  </ItemGroup>
  <ItemGroup>
    <ClInclude Include="..\Include\Systems\AnimatorSystem.h">
      <Filter>Fichiers d%27en-tête\Systems</Filter>
    </ClInclude>
    <ClInclude Include="..\Include\Components\AnimatorComponent.h">
      <Filter>Fichiers d%27en-tête\Components</Filter>
    </ClInclude>
    <ClInclude Include="..\Include\InitSystemsAndComponents.h">
      <Filter>Fichiers d%27en-tête</Filter>
    </ClInclude>
    <ClInclude Include="..\Include\Animator\Animation.h">
      <Filter>Fichiers d%27en-tête\Animator</Filter>
    </ClInclude>
    <ClInclude Include="..\Include\Animator\Animator.h">
      <Filter>Fichiers d%27en-tête\Animator</Filter>
    </ClInclude>
    <ClInclude Include="..\Include\Utility\StaticRandomGenerator.h">
      <Filter>Fichiers d%27en-tête\Utility</Filter>
    </ClInclude>
    <ClInclude Include="..\Include\Utility\Expression\ExpressionValue.h">
      <Filter>Fichiers d%27en-tête\Utility\Expression</Filter>
    </ClInclude>
    <ClInclude Include="..\Include\Utility\Expression\ExpressionParser.h">
      <Filter>Fichiers d%27en-tête\Utility\Expression</Filter>
    </ClInclude>
    <ClInclude Include="..\Include\Utility\Expression\Expression.h">
      <Filter>Fichiers d%27en-tête\Utility\Expression</Filter>
    </ClInclude>
    <ClInclude Include="..\Include\Utility\StringOperation.h">
      <Filter>Fichiers d%27en-tête\Utility</Filter>
    </ClInclude>
    <ClInclude Include="..\Include\Utility\Event\WindowEventArgs.h">
      <Filter>Fichiers d%27en-tête\Utility\Event</Filter>
    </ClInclude>
    <ClInclude Include="..\Include\Utility\Event\WindowEventsHolder.h">
      <Filter>Fichiers d%27en-tête\Utility\Event</Filter>
    </ClInclude>
    <ClInclude Include="..\Include\Utility\Event\Event.h">
      <Filter>Fichiers d%27en-tête\Utility\Event</Filter>
    </ClInclude>
    <ClInclude Include="..\Include\Utility\Matrix.h">
      <Filter>Fichiers d%27en-tête\Utility</Filter>
    </ClInclude>
    <ClInclude Include="..\Include\Tilemap\Tilemap.h">
      <Filter>Fichiers d%27en-tête\Tilemap</Filter>
    </ClInclude>
    <ClInclude Include="..\Include\Components\TilemapComponent.h">
      <Filter>Fichiers d%27en-tête\Components</Filter>
    </ClInclude>
    <ClInclude Include="..\Include\Components\TilemapAnimationComponent.h">
      <Filter>Fichiers d%27en-tête\Components</Filter>
    </ClInclude>
    <ClInclude Include="..\Include\Tilemap\TilemapAnimations.h">
      <Filter>Fichiers d%27en-tête\Tilemap</Filter>
    </ClInclude>
    <ClInclude Include="..\Include\Systems\TilemapAnimationsSystem.h">
      <Filter>Fichiers d%27en-tête\Systems</Filter>
    </ClInclude>
  </ItemGroup>
  <ItemGroup>
    <None Include="..\Include\Utility\Expression\ExpressionParser.inl">
      <Filter>Fichiers d%27en-tête\Utility\Expression</Filter>
    </None>
    <None Include="..\Include\Utility\Event\Event.inl">
      <Filter>Fichiers d%27en-tête\Utility\Event</Filter>
    </None>
  </ItemGroup>
</Project>